
Microsoft Visual Studio Solution File, Format Version 12.00
# Visual Studio Version 16
VisualStudioVersion = 16.0.30503.244
MinimumVisualStudioVersion = 10.0.40219.1
Project("{FAE04EC0-301F-11D3-BF4B-00C04F79EFBC}") = "Catsanndra TTS Toy", "Catsanndra TTS Toy.csproj", "{601D9749-16CB-40E4-AC64-299A9B732C4A}"
EndProject
Global
	GlobalSection(SolutionConfigurationPlatforms) = preSolution
		Debug|Any CPU = Debug|Any CPU
		Release|Any CPU = Release|Any CPU
	EndGlobalSection
	GlobalSection(ProjectConfigurationPlatforms) = postSolution
		{601D9749-16CB-40E4-AC64-299A9B732C4A}.Debug|Any CPU.ActiveCfg = Debug|Any CPU
		{601D9749-16CB-40E4-AC64-299A9B732C4A}.Debug|Any CPU.Build.0 = Debug|Any CPU
		{601D9749-16CB-40E4-AC64-299A9B732C4A}.Release|Any CPU.ActiveCfg = Release|Any CPU
		{601D9749-16CB-40E4-AC64-299A9B732C4A}.Release|Any CPU.Build.0 = Release|Any CPU
	EndGlobalSection
	GlobalSection(SolutionProperties) = preSolution
		HideSolutionNode = FALSE
	EndGlobalSection
	GlobalSection(ExtensibilityGlobals) = postSolution
		SolutionGuid = {89181D4B-1230-48F4-8627-9EE346BDB6A4}
	EndGlobalSection
EndGlobal
